
Microsoft Visual Studio Solution File, Format Version 12.00
# Visual Studio Version 17
VisualStudioVersion = 17.3.32922.545
MinimumVisualStudioVersion = 10.0.40219.1
Project("{9A19103F-16F7-4668-BE54-9A1E7A4F7556}") = "APIofChoiceGage", "APIofChoiceGage.csproj", "{9A89AB38-8675-415F-AD5F-24014944C631}"
EndProject
Global
	GlobalSection(SolutionConfigurationPlatforms) = preSolution
		Debug|Any CPU = Debug|Any CPU
		Release|Any CPU = Release|Any CPU
	EndGlobalSection
	GlobalSection(ProjectConfigurationPlatforms) = postSolution
		{9A89AB38-8675-415F-AD5F-24014944C631}.Debug|Any CPU.ActiveCfg = Debug|Any CPU
		{9A89AB38-8675-415F-AD5F-24014944C631}.Debug|Any CPU.Build.0 = Debug|Any CPU
		{9A89AB38-8675-415F-AD5F-24014944C631}.Release|Any CPU.ActiveCfg = Release|Any CPU
		{9A89AB38-8675-415F-AD5F-24014944C631}.Release|Any CPU.Build.0 = Release|Any CPU
	EndGlobalSection
	GlobalSection(SolutionProperties) = preSolution
		HideSolutionNode = FALSE
	EndGlobalSection
	GlobalSection(ExtensibilityGlobals) = postSolution
		SolutionGuid = {36DB14D5-C7C6-451C-8334-91832D061FE1}
	EndGlobalSection
EndGlobal
